
Microsoft Visual Studio Solution File, Format Version 12.00
# Visual Studio Version 16
VisualStudioVersion = 16.0.29020.237
MinimumVisualStudioVersion = 10.0.40219.1
Project("{FAE04EC0-301F-11D3-BF4B-00C04F79EFBC}") = "ContosoUniversity3", "ContosoUniversity3.csproj", "{F7864838-9E6F-4423-83C2-4F5E3AE6FCED}"
EndProject
Global
	GlobalSection(SolutionConfigurationPlatforms) = preSolution
		Debug|Any CPU = Debug|Any CPU
		Release|Any CPU = Release|Any CPU
	EndGlobalSection
	GlobalSection(ProjectConfigurationPlatforms) = postSolution
		{F7864838-9E6F-4423-83C2-4F5E3AE6FCED}.Debug|Any CPU.ActiveCfg = Debug|Any CPU
		{F7864838-9E6F-4423-83C2-4F5E3AE6FCED}.Debug|Any CPU.Build.0 = Debug|Any CPU
		{F7864838-9E6F-4423-83C2-4F5E3AE6FCED}.Release|Any CPU.ActiveCfg = Release|Any CPU
		{F7864838-9E6F-4423-83C2-4F5E3AE6FCED}.Release|Any CPU.Build.0 = Release|Any CPU
	EndGlobalSection
	GlobalSection(SolutionProperties) = preSolution
		HideSolutionNode = FALSE
	EndGlobalSection
	GlobalSection(ExtensibilityGlobals) = postSolution
		SolutionGuid = {ADB4BC70-5D1A-4F15-ACBD-1815E2F82CFF}
	EndGlobalSection
EndGlobal
